
Microsoft Visual Studio Solution File, Format Version 12.00
# Visual Studio Version 16
VisualStudioVersion = 16.0.32901.82
MinimumVisualStudioVersion = 10.0.40219.1
Project("{FAE04EC0-301F-11D3-BF4B-00C04F79EFBC}") = "Laboratory_1_Volkov_302", "Laboratory_1_Volkov_302\Laboratory_1_Volkov_302.csproj", "{F40F1FA8-72D4-43B9-9404-F1AF2E461140}"
EndProject
Global
	GlobalSection(SolutionConfigurationPlatforms) = preSolution
		Debug|Any CPU = Debug|Any CPU
		Release|Any CPU = Release|Any CPU
	EndGlobalSection
	GlobalSection(ProjectConfigurationPlatforms) = postSolution
		{F40F1FA8-72D4-43B9-9404-F1AF2E461140}.Debug|Any CPU.ActiveCfg = Debug|Any CPU
		{F40F1FA8-72D4-43B9-9404-F1AF2E461140}.Debug|Any CPU.Build.0 = Debug|Any CPU
		{F40F1FA8-72D4-43B9-9404-F1AF2E461140}.Release|Any CPU.ActiveCfg = Release|Any CPU
		{F40F1FA8-72D4-43B9-9404-F1AF2E461140}.Release|Any CPU.Build.0 = Release|Any CPU
	EndGlobalSection
	GlobalSection(SolutionProperties) = preSolution
		HideSolutionNode = FALSE
	EndGlobalSection
	GlobalSection(ExtensibilityGlobals) = postSolution
		SolutionGuid = {B34DE26F-993E-4E65-8D83-32D4B919CA0C}
	EndGlobalSection
EndGlobal
